
Microsoft Visual Studio Solution File, Format Version 12.00
# Visual Studio Version 16
VisualStudioVersion = 16.0.29403.142
MinimumVisualStudioVersion = 10.0.40219.1
Project("{8BC9CEB8-8B4A-11D0-8D11-00A0C91BC942}") = "Proj_Root", "Proj_Root\Proj_Root.vcxproj", "{15963A31-E6D0-4C7E-9E4D-EACC06AE18F2}"
EndProject
Global
	GlobalSection(SolutionConfigurationPlatforms) = preSolution
		Debug|x64 = Debug|x64
		Debug|x86 = Debug|x86
		Release|x64 = Release|x64
		Release|x86 = Release|x86
	EndGlobalSection
	GlobalSection(ProjectConfigurationPlatforms) = postSolution
		{15963A31-E6D0-4C7E-9E4D-EACC06AE18F2}.Debug|x64.ActiveCfg = Debug|x64
		{15963A31-E6D0-4C7E-9E4D-EACC06AE18F2}.Debug|x64.Build.0 = Debug|x64
		{15963A31-E6D0-4C7E-9E4D-EACC06AE18F2}.Debug|x86.ActiveCfg = Debug|Win32
		{15963A31-E6D0-4C7E-9E4D-EACC06AE18F2}.Debug|x86.Build.0 = Debug|Win32
		{15963A31-E6D0-4C7E-9E4D-EACC06AE18F2}.Release|x64.ActiveCfg = Release|x64
		{15963A31-E6D0-4C7E-9E4D-EACC06AE18F2}.Release|x64.Build.0 = Release|x64
		{15963A31-E6D0-4C7E-9E4D-EACC06AE18F2}.Release|x86.ActiveCfg = Release|Win32
		{15963A31-E6D0-4C7E-9E4D-EACC06AE18F2}.Release|x86.Build.0 = Release|Win32
	EndGlobalSection
	GlobalSection(SolutionProperties) = preSolution
		HideSolutionNode = FALSE
	EndGlobalSection
	GlobalSection(ExtensibilityGlobals) = postSolution
		SolutionGuid = {38C2B32A-55BA-4135-88D1-DAE73661DFD9}
	EndGlobalSection
EndGlobal
