<?xml version="1.0" encoding="utf-8"?>
<Project ToolsVersion="4.0" xmlns="http://schemas.microsoft.com/developer/msbuild/2003">
  <ItemGroup>
    <Filter Include="Quelldateien">
      <UniqueIdentifier>{4FC737F1-C7A5-4376-A066-2A32D752A2FF}</UniqueIdentifier>
      <Extensions>cpp;c;cc;cxx;def;odl;idl;hpj;bat;asm;asmx</Extensions>
    </Filter>
    <Filter Include="Headerdateien">
      <UniqueIdentifier>{93995380-89BD-4b04-88EB-625FBE52EBFB}</UniqueIdentifier>
      <Extensions>h;hh;hpp;hxx;hm;inl;inc;ipp;xsd</Extensions>
    </Filter>
    <Filter Include="Ressourcendateien">
      <UniqueIdentifier>{67DA6AB6-F800-4c08-8B7A-83BB121AAD01}</UniqueIdentifier>
      <Extensions>rc;ico;cur;bmp;dlg;rc2;rct;bin;rgs;gif;jpg;jpeg;jpe;resx;tiff;tif;png;wav;mfcribbon-ms</Extensions>
    </Filter>
  </ItemGroup>
  <ItemGroup>
    <ClCompile Include="BKA_window.cpp">
      <Filter>Quelldateien</Filter>
    </ClCompile>
    <ClCompile Include="BKA_Object_Builder.cpp">
      <Filter>Quelldateien</Filter>
    </ClCompile>
    <ClCompile Include="BKA_Material_Builder.cpp">
      <Filter>Quelldateien</Filter>
    </ClCompile>
    <ClCompile Include="Main.cpp">
      <Filter>Quelldateien</Filter>
    </ClCompile>
    <ClCompile Include="BKA_Utils.cpp">
      <Filter>Quelldateien</Filter>
    </ClCompile>
    <ClCompile Include="BKA_Camera_Builder.cpp">
      <Filter>Quelldateien</Filter>
    </ClCompile>
    <ClCompile Include="BKA_Texture_Sampler.cpp">
      <Filter>Quelldateien</Filter>
    </ClCompile>
    <ClCompile Include="BKA_Texture_CubeMap.cpp">
      <Filter>Quelldateien</Filter>
    </ClCompile>
    <ClCompile Include="BKA_Texture_Cube.cpp">
      <Filter>Quelldateien</Filter>
    </ClCompile>
    <ClCompile Include="BKA_Light_Builder.cpp">
      <Filter>Quelldateien</Filter>
    </ClCompile>
    <ClCompile Include="Inventory.cpp">
      <Filter>Quelldateien</Filter>
    </ClCompile>
    <ClCompile Include="ItemPersistence.cpp">
      <Filter>Quelldateien</Filter>
    </ClCompile>
    <ClCompile Include="Spawned_Cube.cpp">
      <Filter>Quelldateien</Filter>
    </ClCompile>
    <ClCompile Include="Item_Spawner.cpp">
      <Filter>Quelldateien</Filter>
    </ClCompile>
    <ClCompile Include="Ray_Caster.cpp">
      <Filter>Quelldateien</Filter>
    </ClCompile>
    <ClCompile Include="Inventory_Sampler.cpp">
      <Filter>Quelldateien</Filter>
    </ClCompile>
  </ItemGroup>
  <ItemGroup>
    <ClInclude Include="BKA_Window.h">
      <Filter>Headerdateien</Filter>
    </ClInclude>
    <ClInclude Include="BKA_Object_Builder.h">
      <Filter>Headerdateien</Filter>
    </ClInclude>
    <ClInclude Include="BKA_Material_Builder.h">
      <Filter>Headerdateien</Filter>
    </ClInclude>
    <ClInclude Include="BKA_Utils.h">
      <Filter>Headerdateien</Filter>
    </ClInclude>
    <ClInclude Include="BKA_Camera_Builder.h">
      <Filter>Headerdateien</Filter>
    </ClInclude>
    <ClInclude Include="BKA_Texture_Sampler.h">
      <Filter>Headerdateien</Filter>
    </ClInclude>
    <ClInclude Include="stb_image.h">
      <Filter>Headerdateien</Filter>
    </ClInclude>
    <ClInclude Include="BKA_Texture_CubeMap.h">
      <Filter>Headerdateien</Filter>
    </ClInclude>
    <ClInclude Include="BKA_Texture_Cube.h">
      <Filter>Headerdateien</Filter>
    </ClInclude>
    <ClInclude Include="BKA_Light_Builder.h">
      <Filter>Headerdateien</Filter>
    </ClInclude>
    <ClInclude Include="json.hpp">
      <Filter>Headerdateien</Filter>
    </ClInclude>
    <ClInclude Include="Inventory.h">
      <Filter>Headerdateien</Filter>
    </ClInclude>
    <ClInclude Include="Item.h">
      <Filter>Headerdateien</Filter>
    </ClInclude>
    <ClInclude Include="ItemPersistence.h">
      <Filter>Headerdateien</Filter>
    </ClInclude>
    <ClInclude Include="Spawned_Cube.h">
      <Filter>Headerdateien</Filter>
    </ClInclude>
    <ClInclude Include="Item_Spawner.h">
      <Filter>Headerdateien</Filter>
    </ClInclude>
    <ClInclude Include="Ray_Caster.h">
      <Filter>Headerdateien</Filter>
    </ClInclude>
    <ClInclude Include="Inventory_Sampler.h">
      <Filter>Headerdateien</Filter>
    </ClInclude>
  </ItemGroup>
  <ItemGroup>
    <None Include="Shader_Root\shader.vertex">
      <Filter>Ressourcendateien</Filter>
    </None>
    <None Include="Shader_Root\shader.fragment">
      <Filter>Ressourcendateien</Filter>
    </None>
    <None Include="Shader_Root\Cubemap\bka_cubemap.fragment">
      <Filter>Ressourcendateien</Filter>
    </None>
    <None Include="Shader_Root\Cubemap\bka_cubemap.vertex">
      <Filter>Ressourcendateien</Filter>
    </None>
    <None Include="Shader_Root\Cubemap\Cube\bka_cube.vertex">
      <Filter>Ressourcendateien</Filter>
    </None>
    <None Include="Shader_Root\Cubemap\Cube\bka_cube.fragment">
      <Filter>Ressourcendateien</Filter>
    </None>
  </ItemGroup>
  <ItemGroup>
    <ResourceCompile Include="Proj_Root.rc">
      <Filter>Ressourcendateien</Filter>
    </ResourceCompile>
  </ItemGroup>
</Project>